// !$*UTF8*$!
{
	archiveVersion = 1;
	classes = {
	};
	objectVersion = 50;
	objects = {

/* Begin PBXBuildFile section */
		0EA9C5D2C432844EF1E1AA9D /* libPods-RebellionTrips.a in Frameworks */ = {isa = PBXBuildFile; fileRef = 7FAA28F06D8DE44268ACE86A /* libPods-RebellionTrips.a */; };
		698F9005231BFD1800085CF1 /* AppDelegate.swift in Sources */ = {isa = PBXBuildFile; fileRef = 698F9004231BFD1800085CF1 /* AppDelegate.swift */; };
		698F9007231BFD1800085CF1 /* ViewController.swift in Sources */ = {isa = PBXBuildFile; fileRef = 698F9006231BFD1800085CF1 /* ViewController.swift */; };
		698F900A231BFD1800085CF1 /* Main.storyboard in Resources */ = {isa = PBXBuildFile; fileRef = 698F9008231BFD1800085CF1 /* Main.storyboard */; };
		698F900C231BFD1900085CF1 /* Assets.xcassets in Resources */ = {isa = PBXBuildFile; fileRef = 698F900B231BFD1900085CF1 /* Assets.xcassets */; };
		698F900F231BFD1900085CF1 /* LaunchScreen.storyboard in Resources */ = {isa = PBXBuildFile; fileRef = 698F900D231BFD1900085CF1 /* LaunchScreen.storyboard */; };
		698F901A231BFD1900085CF1 /* RebellionTripsTests.swift in Sources */ = {isa = PBXBuildFile; fileRef = 698F9019231BFD1900085CF1 /* RebellionTripsTests.swift */; };
		A04E872FB79A16713B2E324A /* libPods-RebellionTripsTests.a in Frameworks */ = {isa = PBXBuildFile; fileRef = C9BDDB20D3BBC5F9E166E281 /* libPods-RebellionTripsTests.a */; };
/* End PBXBuildFile section */

/* Begin PBXContainerItemProxy section */
		698F9016231BFD1900085CF1 /* PBXContainerItemProxy */ = {
			isa = PBXContainerItemProxy;
			containerPortal = 698F8FF9231BFD1800085CF1 /* Project object */;
			proxyType = 1;
			remoteGlobalIDString = 698F9000231BFD1800085CF1;
			remoteInfo = RebellionTrips;
		};
/* End PBXContainerItemProxy section */

/* Begin PBXFileReference section */
		14FCEF4307F4716D7043615B /* Pods-RebellionTrips.debug.xcconfig */ = {isa = PBXFileReference; includeInIndex = 1; lastKnownFileType = text.xcconfig; name = "Pods-RebellionTrips.debug.xcconfig"; path = "Target Support Files/Pods-RebellionTrips/Pods-RebellionTrips.debug.xcconfig"; sourceTree = "<group>"; };
		2DF08DD2BCDBF3CB3E5A0CA9 /* Pods-RebellionTripsTests.debug.xcconfig */ = {isa = PBXFileReference; includeInIndex = 1; lastKnownFileType = text.xcconfig; name = "Pods-RebellionTripsTests.debug.xcconfig"; path = "Target Support Files/Pods-RebellionTripsTests/Pods-RebellionTripsTests.debug.xcconfig"; sourceTree = "<group>"; };
		698F9001231BFD1800085CF1 /* RebellionTrips.app */ = {isa = PBXFileReference; explicitFileType = wrapper.application; includeInIndex = 0; path = RebellionTrips.app; sourceTree = BUILT_PRODUCTS_DIR; };
		698F9004231BFD1800085CF1 /* AppDelegate.swift */ = {isa = PBXFileReference; lastKnownFileType = sourcecode.swift; path = AppDelegate.swift; sourceTree = "<group>"; };
		698F9006231BFD1800085CF1 /* ViewController.swift */ = {isa = PBXFileReference; lastKnownFileType = sourcecode.swift; path = ViewController.swift; sourceTree = "<group>"; };
		698F9009231BFD1800085CF1 /* Base */ = {isa = PBXFileReference; lastKnownFileType = file.storyboard; name = Base; path = Base.lproj/Main.storyboard; sourceTree = "<group>"; };
		698F900B231BFD1900085CF1 /* Assets.xcassets */ = {isa = PBXFileReference; lastKnownFileType = folder.assetcatalog; path = Assets.xcassets; sourceTree = "<group>"; };
		698F900E231BFD1900085CF1 /* Base */ = {isa = PBXFileReference; lastKnownFileType = file.storyboard; name = Base; path = Base.lproj/LaunchScreen.storyboard; sourceTree = "<group>"; };
		698F9010231BFD1900085CF1 /* Info.plist */ = {isa = PBXFileReference; lastKnownFileType = text.plist.xml; path = Info.plist; sourceTree = "<group>"; };
		698F9015231BFD1900085CF1 /* RebellionTripsTests.xctest */ = {isa = PBXFileReference; explicitFileType = wrapper.cfbundle; includeInIndex = 0; path = RebellionTripsTests.xctest; sourceTree = BUILT_PRODUCTS_DIR; };
		698F9019231BFD1900085CF1 /* RebellionTripsTests.swift */ = {isa = PBXFileReference; lastKnownFileType = sourcecode.swift; path = RebellionTripsTests.swift; sourceTree = "<group>"; };
		698F901B231BFD1900085CF1 /* Info.plist */ = {isa = PBXFileReference; lastKnownFileType = text.plist.xml; path = Info.plist; sourceTree = "<group>"; };
		7FAA28F06D8DE44268ACE86A /* libPods-RebellionTrips.a */ = {isa = PBXFileReference; explicitFileType = archive.ar; includeInIndex = 0; path = "libPods-RebellionTrips.a"; sourceTree = BUILT_PRODUCTS_DIR; };
		900D25380710B50EAEB55CC6 /* Pods-RebellionTrips.release.xcconfig */ = {isa = PBXFileReference; includeInIndex = 1; lastKnownFileType = text.xcconfig; name = "Pods-RebellionTrips.release.xcconfig"; path = "Target Support Files/Pods-RebellionTrips/Pods-RebellionTrips.release.xcconfig"; sourceTree = "<group>"; };
		C9BDDB20D3BBC5F9E166E281 /* libPods-RebellionTripsTests.a */ = {isa = PBXFileReference; explicitFileType = archive.ar; includeInIndex = 0; path = "libPods-RebellionTripsTests.a"; sourceTree = BUILT_PRODUCTS_DIR; };
		EE3EF8068B9A5E9DBCA78DF4 /* Pods-RebellionTripsTests.release.xcconfig */ = {isa = PBXFileReference; includeInIndex = 1; lastKnownFileType = text.xcconfig; name = "Pods-RebellionTripsTests.release.xcconfig"; path = "Target Support Files/Pods-RebellionTripsTests/Pods-RebellionTripsTests.release.xcconfig"; sourceTree = "<group>"; };
/* End PBXFileReference section */

/* Begin PBXFrameworksBuildPhase section */
		698F8FFE231BFD1800085CF1 /* Frameworks */ = {
			isa = PBXFrameworksBuildPhase;
			buildActionMask = 2147483647;
			files = (
				0EA9C5D2C432844EF1E1AA9D /* libPods-RebellionTrips.a in Frameworks */,
			);
			runOnlyForDeploymentPostprocessing = 0;
		};
		698F9012231BFD1900085CF1 /* Frameworks */ = {
			isa = PBXFrameworksBuildPhase;
			buildActionMask = 2147483647;
			files = (
				A04E872FB79A16713B2E324A /* libPods-RebellionTripsTests.a in Frameworks */,
			);
			runOnlyForDeploymentPostprocessing = 0;
		};
/* End PBXFrameworksBuildPhase section */

/* Begin PBXGroup section */
		026B22C38D1AE5536FAEB586 /* Frameworks */ = {
			isa = PBXGroup;
			children = (
				7FAA28F06D8DE44268ACE86A /* libPods-RebellionTrips.a */,
				C9BDDB20D3BBC5F9E166E281 /* libPods-RebellionTripsTests.a */,
			);
			name = Frameworks;
			sourceTree = "<group>";
		};
		698F8FF8231BFD1800085CF1 = {
			isa = PBXGroup;
			children = (
				698F9003231BFD1800085CF1 /* RebellionTrips */,
				698F9018231BFD1900085CF1 /* RebellionTripsTests */,
				698F9002231BFD1800085CF1 /* Products */,
				EFD600B4C10F5E8D5112835D /* Pods */,
				026B22C38D1AE5536FAEB586 /* Frameworks */,
			);
			sourceTree = "<group>";
		};
		698F9002231BFD1800085CF1 /* Products */ = {
			isa = PBXGroup;
			children = (
				698F9001231BFD1800085CF1 /* RebellionTrips.app */,
				698F9015231BFD1900085CF1 /* RebellionTripsTests.xctest */,
			);
			name = Products;
			sourceTree = "<group>";
		};
		698F9003231BFD1800085CF1 /* RebellionTrips */ = {
			isa = PBXGroup;
			children = (
				698F9004231BFD1800085CF1 /* AppDelegate.swift */,
				698F9006231BFD1800085CF1 /* ViewController.swift */,
				698F9008231BFD1800085CF1 /* Main.storyboard */,
				698F900B231BFD1900085CF1 /* Assets.xcassets */,
				698F900D231BFD1900085CF1 /* LaunchScreen.storyboard */,
				698F9010231BFD1900085CF1 /* Info.plist */,
			);
			path = RebellionTrips;
			sourceTree = "<group>";
		};
		698F9018231BFD1900085CF1 /* RebellionTripsTests */ = {
			isa = PBXGroup;
			children = (
				698F9019231BFD1900085CF1 /* RebellionTripsTests.swift */,
				698F901B231BFD1900085CF1 /* Info.plist */,
			);
			path = RebellionTripsTests;
			sourceTree = "<group>";
		};
		EFD600B4C10F5E8D5112835D /* Pods */ = {
			isa = PBXGroup;
			children = (
				14FCEF4307F4716D7043615B /* Pods-RebellionTrips.debug.xcconfig */,
				900D25380710B50EAEB55CC6 /* Pods-RebellionTrips.release.xcconfig */,
				2DF08DD2BCDBF3CB3E5A0CA9 /* Pods-RebellionTripsTests.debug.xcconfig */,
				EE3EF8068B9A5E9DBCA78DF4 /* Pods-RebellionTripsTests.release.xcconfig */,
			);
			name = Pods;
			path = Pods;
			sourceTree = "<group>";
		};
/* End PBXGroup section */

/* Begin PBXNativeTarget section */
		698F9000231BFD1800085CF1 /* RebellionTrips */ = {
			isa = PBXNativeTarget;
			buildConfigurationList = 698F901E231BFD1900085CF1 /* Build configuration list for PBXNativeTarget "RebellionTrips" */;
			buildPhases = (
				703AE4CBB5444F1D17DED78C /* [CP] Check Pods Manifest.lock */,
				698F8FFD231BFD1800085CF1 /* Sources */,
				698F8FFE231BFD1800085CF1 /* Frameworks */,
				698F8FFF231BFD1800085CF1 /* Resources */,
			);
			buildRules = (
			);
			dependencies = (
			);
			name = RebellionTrips;
			productName = RebellionTrips;
			productReference = 698F9001231BFD1800085CF1 /* RebellionTrips.app */;
			productType = "com.apple.product-type.application";
		};
		698F9014231BFD1900085CF1 /* RebellionTripsTests */ = {
			isa = PBXNativeTarget;
			buildConfigurationList = 698F9021231BFD1900085CF1 /* Build configuration list for PBXNativeTarget "RebellionTripsTests" */;
			buildPhases = (
				D4D3942242E445707E2AA678 /* [CP] Check Pods Manifest.lock */,
				698F9011231BFD1900085CF1 /* Sources */,
				698F9012231BFD1900085CF1 /* Frameworks */,
				698F9013231BFD1900085CF1 /* Resources */,
			);
			buildRules = (
			);
			dependencies = (
				698F9017231BFD1900085CF1 /* PBXTargetDependency */,
			);
			name = RebellionTripsTests;
			productName = RebellionTripsTests;
			productReference = 698F9015231BFD1900085CF1 /* RebellionTripsTests.xctest */;
			productType = "com.apple.product-type.bundle.unit-test";
		};
/* End PBXNativeTarget section */

/* Begin PBXProject section */
		698F8FF9231BFD1800085CF1 /* Project object */ = {
			isa = PBXProject;
			attributes = {
				LastSwiftUpdateCheck = 1020;
				LastUpgradeCheck = 1020;
				ORGANIZATIONNAME = AM;
				TargetAttributes = {
					698F9000231BFD1800085CF1 = {
						CreatedOnToolsVersion = 10.2.1;
					};
					698F9014231BFD1900085CF1 = {
						CreatedOnToolsVersion = 10.2.1;
						TestTargetID = 698F9000231BFD1800085CF1;
					};
				};
			};
			buildConfigurationList = 698F8FFC231BFD1800085CF1 /* Build configuration list for PBXProject "RebellionTrips" */;
			compatibilityVersion = "Xcode 9.3";
			developmentRegion = en;
			hasScannedForEncodings = 0;
			knownRegions = (
				en,
				Base,
			);
			mainGroup = 698F8FF8231BFD1800085CF1;
			productRefGroup = 698F9002231BFD1800085CF1 /* Products */;
			projectDirPath = "";
			projectRoot = "";
			targets = (
				698F9000231BFD1800085CF1 /* RebellionTrips */,
				698F9014231BFD1900085CF1 /* RebellionTripsTests */,
			);
		};
/* End PBXProject section */

/* Begin PBXResourcesBuildPhase section */
		698F8FFF231BFD1800085CF1 /* Resources */ = {
			isa = PBXResourcesBuildPhase;
			buildActionMask = 2147483647;
			files = (
				698F900F231BFD1900085CF1 /* LaunchScreen.storyboard in Resources */,
				698F900C231BFD1900085CF1 /* Assets.xcassets in Resources */,
				698F900A231BFD1800085CF1 /* Main.storyboard in Resources */,
			);
			runOnlyForDeploymentPostprocessing = 0;
		};
		698F9013231BFD1900085CF1 /* Resources */ = {
			isa = PBXResourcesBuildPhase;
			buildActionMask = 2147483647;
			files = (
			);
			runOnlyForDeploymentPostprocessing = 0;
		};
/* End PBXResourcesBuildPhase section */

/* Begin PBXShellScriptBuildPhase section */
		703AE4CBB5444F1D17DED78C /* [CP] Check Pods Manifest.lock */ = {
			isa = PBXShellScriptBuildPhase;
			buildActionMask = 2147483647;
			files = (
			);
			inputFileListPaths = (
			);
			inputPaths = (
				"${PODS_PODFILE_DIR_PATH}/Podfile.lock",
				"${PODS_ROOT}/Manifest.lock",
			);
			name = "[CP] Check Pods Manifest.lock";
			outputFileListPaths = (
			);
			outputPaths = (
				"$(DERIVED_FILE_DIR)/Pods-RebellionTrips-checkManifestLockResult.txt",
			);
			runOnlyForDeploymentPostprocessing = 0;
			shellPath = /bin/sh;
			shellScript = "diff \"${PODS_PODFILE_DIR_PATH}/Podfile.lock\" \"${PODS_ROOT}/Manifest.lock\" > /dev/null\nif [ $? != 0 ] ; then\n    # print error to STDERR\n    echo \"error: The sandbox is not in sync with the Podfile.lock. Run 'pod install' or update your CocoaPods installation.\" >&2\n    exit 1\nfi\n# This output is used by Xcode 'outputs' to avoid re-running this script phase.\necho \"SUCCESS\" > \"${SCRIPT_OUTPUT_FILE_0}\"\n";
			showEnvVarsInLog = 0;
		};
		D4D3942242E445707E2AA678 /* [CP] Check Pods Manifest.lock */ = {
			isa = PBXShellScriptBuildPhase;
			buildActionMask = 2147483647;
			files = (
			);
			inputFileListPaths = (
			);
			inputPaths = (
				"${PODS_PODFILE_DIR_PATH}/Podfile.lock",
				"${PODS_ROOT}/Manifest.lock",
			);
			name = "[CP] Check Pods Manifest.lock";
			outputFileListPaths = (
			);
			outputPaths = (
				"$(DERIVED_FILE_DIR)/Pods-RebellionTripsTests-checkManifestLockResult.txt",
			);
			runOnlyForDeploymentPostprocessing = 0;
			shellPath = /bin/sh;
			shellScript = "diff \"${PODS_PODFILE_DIR_PATH}/Podfile.lock\" \"${PODS_ROOT}/Manifest.lock\" > /dev/null\nif [ $? != 0 ] ; then\n    # print error to STDERR\n    echo \"error: The sandbox is not in sync with the Podfile.lock. Run 'pod install' or update your CocoaPods installation.\" >&2\n    exit 1\nfi\n# This output is used by Xcode 'outputs' to avoid re-running this script phase.\necho \"SUCCESS\" > \"${SCRIPT_OUTPUT_FILE_0}\"\n";
			showEnvVarsInLog = 0;
		};
/* End PBXShellScriptBuildPhase section */

/* Begin PBXSourcesBuildPhase section */
		698F8FFD231BFD1800085CF1 /* Sources */ = {
			isa = PBXSourcesBuildPhase;
			buildActionMask = 2147483647;
			files = (
				698F9007231BFD1800085CF1 /* ViewController.swift in Sources */,
				698F9005231BFD1800085CF1 /* AppDelegate.swift in Sources */,
			);
			runOnlyForDeploymentPostprocessing = 0;
		};
		698F9011231BFD1900085CF1 /* Sources */ = {
			isa = PBXSourcesBuildPhase;
			buildActionMask = 2147483647;
			files = (
				698F901A231BFD1900085CF1 /* RebellionTripsTests.swift in Sources */,
			);
			runOnlyForDeploymentPostprocessing = 0;
		};
/* End PBXSourcesBuildPhase section */

/* Begin PBXTargetDependency section */
		698F9017231BFD1900085CF1 /* PBXTargetDependency */ = {
			isa = PBXTargetDependency;
			target = 698F9000231BFD1800085CF1 /* RebellionTrips */;
			targetProxy = 698F9016231BFD1900085CF1 /* PBXContainerItemProxy */;
		};
/* End PBXTargetDependency section */

/* Begin PBXVariantGroup section */
		698F9008231BFD1800085CF1 /* Main.storyboard */ = {
			isa = PBXVariantGroup;
			children = (
				698F9009231BFD1800085CF1 /* Base */,
			);
			name = Main.storyboard;
			sourceTree = "<group>";
		};
		698F900D231BFD1900085CF1 /* LaunchScreen.storyboard */ = {
			isa = PBXVariantGroup;
			children = (
				698F900E231BFD1900085CF1 /* Base */,
			);
			name = LaunchScreen.storyboard;
			sourceTree = "<group>";
		};
/* End PBXVariantGroup section */

/* Begin XCBuildConfiguration section */
		698F901C231BFD1900085CF1 /* Debug */ = {
			isa = XCBuildConfiguration;
			buildSettings = {
				ALWAYS_SEARCH_USER_PATHS = NO;
				CLANG_ANALYZER_NONNULL = YES;
				CLANG_ANALYZER_NUMBER_OBJECT_CONVERSION = YES_AGGRESSIVE;
				CLANG_CXX_LANGUAGE_STANDARD = "gnu++14";
				CLANG_CXX_LIBRARY = "libc++";
				CLANG_ENABLE_MODULES = YES;
				CLANG_ENABLE_OBJC_ARC = YES;
				CLANG_ENABLE_OBJC_WEAK = YES;
				CLANG_WARN_BLOCK_CAPTURE_AUTORELEASING = YES;
				CLANG_WARN_BOOL_CONVERSION = YES;
				CLANG_WARN_COMMA = YES;
				CLANG_WARN_CONSTANT_CONVERSION = YES;
				CLANG_WARN_DEPRECATED_OBJC_IMPLEMENTATIONS = YES;
				CLANG_WARN_DIRECT_OBJC_ISA_USAGE = YES_ERROR;
				CLANG_WARN_DOCUMENTATION_COMMENTS = YES;
				CLANG_WARN_EMPTY_BODY = YES;
				CLANG_WARN_ENUM_CONVERSION = YES;
				CLANG_WARN_INFINITE_RECURSION = YES;
				CLANG_WARN_INT_CONVERSION = YES;
				CLANG_WARN_NON_LITERAL_NULL_CONVERSION = YES;
				CLANG_WARN_OBJC_IMPLICIT_RETAIN_SELF = YES;
				CLANG_WARN_OBJC_LITERAL_CONVERSION = YES;
				CLANG_WARN_OBJC_ROOT_CLASS = YES_ERROR;
				CLANG_WARN_RANGE_LOOP_ANALYSIS = YES;
				CLANG_WARN_STRICT_PROTOTYPES = YES;
				CLANG_WARN_SUSPICIOUS_MOVE = YES;
				CLANG_WARN_UNGUARDED_AVAILABILITY = YES_AGGRESSIVE;
				CLANG_WARN_UNREACHABLE_CODE = YES;
				CLANG_WARN__DUPLICATE_METHOD_MATCH = YES;
				CODE_SIGN_IDENTITY = "iPhone Developer";
				COPY_PHASE_STRIP = NO;
				DEBUG_INFORMATION_FORMAT = dwarf;
				ENABLE_STRICT_OBJC_MSGSEND = YES;
				ENABLE_TESTABILITY = YES;
				GCC_C_LANGUAGE_STANDARD = gnu11;
				GCC_DYNAMIC_NO_PIC = NO;
				GCC_NO_COMMON_BLOCKS = YES;
				GCC_OPTIMIZATION_LEVEL = 0;
				GCC_PREPROCESSOR_DEFINITIONS = (
					"DEBUG=1",
					"$(inherited)",
				);
				GCC_WARN_64_TO_32_BIT_CONVERSION = YES;
				GCC_WARN_ABOUT_RETURN_TYPE = YES_ERROR;
				GCC_WARN_UNDECLARED_SELECTOR = YES;
				GCC_WARN_UNINITIALIZED_AUTOS = YES_AGGRESSIVE;
				GCC_WARN_UNUSED_FUNCTION = YES;
				GCC_WARN_UNUSED_VARIABLE = YES;
				IPHONEOS_DEPLOYMENT_TARGET = 12.2;
				MTL_ENABLE_DEBUG_INFO = INCLUDE_SOURCE;
				MTL_FAST_MATH = YES;
				ONLY_ACTIVE_ARCH = YES;
				SDKROOT = iphoneos;
				SWIFT_ACTIVE_COMPILATION_CONDITIONS = DEBUG;
				SWIFT_OPTIMIZATION_LEVEL = "-Onone";
			};
			name = Debug;
		};
		698F901D231BFD1900085CF1 /* Release */ = {
			isa = XCBuildConfiguration;
			buildSettings = {
				ALWAYS_SEARCH_USER_PATHS = NO;
				CLANG_ANALYZER_NONNULL = YES;
				CLANG_ANALYZER_NUMBER_OBJECT_CONVERSION = YES_AGGRESSIVE;
				CLANG_CXX_LANGUAGE_STANDARD = "gnu++14";
				CLANG_CXX_LIBRARY = "libc++";
				CLANG_ENABLE_MODULES = YES;
				CLANG_ENABLE_OBJC_ARC = YES;
				CLANG_ENABLE_OBJC_WEAK = YES;
				CLANG_WARN_BLOCK_CAPTURE_AUTORELEASING = YES;
				CLANG_WARN_BOOL_CONVERSION = YES;
				CLANG_WARN_COMMA = YES;
				CLANG_WARN_CONSTANT_CONVERSION = YES;
				CLANG_WARN_DEPRECATED_OBJC_IMPLEMENTATIONS = YES;
				CLANG_WARN_DIRECT_OBJC_ISA_USAGE = YES_ERROR;
				CLANG_WARN_DOCUMENTATION_COMMENTS = YES;
				CLANG_WARN_EMPTY_BODY = YES;
				CLANG_WARN_ENUM_CONVERSION = YES;
				CLANG_WARN_INFINITE_RECURSION = YES;
				CLANG_WARN_INT_CONVERSION = YES;
				CLANG_WARN_NON_LITERAL_NULL_CONVERSION = YES;
				CLANG_WARN_OBJC_IMPLICIT_RETAIN_SELF = YES;
				CLANG_WARN_OBJC_LITERAL_CONVERSION = YES;
				CLANG_WARN_OBJC_ROOT_CLASS = YES_ERROR;
				CLANG_WARN_RANGE_LOOP_ANALYSIS = YES;
				CLANG_WARN_STRICT_PROTOTYPES = YES;
				CLANG_WARN_SUSPICIOUS_MOVE = YES;
				CLANG_WARN_UNGUARDED_AVAILABILITY = YES_AGGRESSIVE;
				CLANG_WARN_UNREACHABLE_CODE = YES;
				CLANG_WARN__DUPLICATE_METHOD_MATCH = YES;
				CODE_SIGN_IDENTITY = "iPhone Developer";
				COPY_PHASE_STRIP = NO;
				DEBUG_INFORMATION_FORMAT = "dwarf-with-dsym";
				ENABLE_NS_ASSERTIONS = NO;
				ENABLE_STRICT_OBJC_MSGSEND = YES;
				GCC_C_LANGUAGE_STANDARD = gnu11;
				GCC_NO_COMMON_BLOCKS = YES;
				GCC_WARN_64_TO_32_BIT_CONVERSION = YES;
				GCC_WARN_ABOUT_RETURN_TYPE = YES_ERROR;
				GCC_WARN_UNDECLARED_SELECTOR = YES;
				GCC_WARN_UNINITIALIZED_AUTOS = YES_AGGRESSIVE;
				GCC_WARN_UNUSED_FUNCTION = YES;
				GCC_WARN_UNUSED_VARIABLE = YES;
				IPHONEOS_DEPLOYMENT_TARGET = 12.2;
				MTL_ENABLE_DEBUG_INFO = NO;
				MTL_FAST_MATH = YES;
				SDKROOT = iphoneos;
				SWIFT_COMPILATION_MODE = wholemodule;
				SWIFT_OPTIMIZATION_LEVEL = "-O";
				VALIDATE_PRODUCT = YES;
			};
			name = Release;
		};
		698F901F231BFD1900085CF1 /* Debug */ = {
			isa = XCBuildConfiguration;
			baseConfigurationReference = 14FCEF4307F4716D7043615B /* Pods-RebellionTrips.debug.xcconfig */;
			buildSettings = {
				ASSETCATALOG_COMPILER_APPICON_NAME = AppIcon;
				CODE_SIGN_STYLE = Automatic;
				DEVELOPMENT_TEAM = B3SB5YQVD6;
				INFOPLIST_FILE = RebellionTrips/Info.plist;
				LD_RUNPATH_SEARCH_PATHS = (
					"$(inherited)",
					"@executable_path/Frameworks",
				);
				PRODUCT_BUNDLE_IDENTIFIER = AM.RebellionTrips;
				PRODUCT_NAME = "$(TARGET_NAME)";
				SWIFT_VERSION = 5.0;
				TARGETED_DEVICE_FAMILY = "1,2";
			};
			name = Debug;
		};
		698F9020231BFD1900085CF1 /* Release */ = {
			isa = XCBuildConfiguration;
			baseConfigurationReference = 900D25380710B50EAEB55CC6 /* Pods-RebellionTrips.release.xcconfig */;
			buildSettings = {
				ASSETCATALOG_COMPILER_APPICON_NAME = AppIcon;
				CODE_SIGN_STYLE = Automatic;
				DEVELOPMENT_TEAM = B3SB5YQVD6;
				INFOPLIST_FILE = RebellionTrips/Info.plist;
				LD_RUNPATH_SEARCH_PATHS = (
					"$(inherited)",
					"@executable_path/Frameworks",
				);
				PRODUCT_BUNDLE_IDENTIFIER = AM.RebellionTrips;
				PRODUCT_NAME = "$(TARGET_NAME)";
				SWIFT_VERSION = 5.0;
				TARGETED_DEVICE_FAMILY = "1,2";
			};
			name = Release;
		};
		698F9022231BFD1900085CF1 /* Debug */ = {
			isa = XCBuildConfiguration;
			baseConfigurationReference = 2DF08DD2BCDBF3CB3E5A0CA9 /* Pods-RebellionTripsTests.debug.xcconfig */;
			buildSettings = {
				ALWAYS_EMBED_SWIFT_STANDARD_LIBRARIES = YES;
				BUNDLE_LOADER = "$(TEST_HOST)";
				CODE_SIGN_STYLE = Automatic;
				DEVELOPMENT_TEAM = B3SB5YQVD6;
				INFOPLIST_FILE = RebellionTripsTests/Info.plist;
				LD_RUNPATH_SEARCH_PATHS = (
					"$(inherited)",
					"@executable_path/Frameworks",
					"@loader_path/Frameworks",
				);
				PRODUCT_BUNDLE_IDENTIFIER = AM.RebellionTripsTests;
				PRODUCT_NAME = "$(TARGET_NAME)";
				SWIFT_VERSION = 5.0;
				TARGETED_DEVICE_FAMILY = "1,2";
				TEST_HOST = "$(BUILT_PRODUCTS_DIR)/RebellionTrips.app/RebellionTrips";
			};
			name = Debug;
		};
		698F9023231BFD1900085CF1 /* Release */ = {
			isa = XCBuildConfiguration;
			baseConfigurationReference = EE3EF8068B9A5E9DBCA78DF4 /* Pods-RebellionTripsTests.release.xcconfig */;
			buildSettings = {
				ALWAYS_EMBED_SWIFT_STANDARD_LIBRARIES = YES;
				BUNDLE_LOADER = "$(TEST_HOST)";
				CODE_SIGN_STYLE = Automatic;
				DEVELOPMENT_TEAM = B3SB5YQVD6;
				INFOPLIST_FILE = RebellionTripsTests/Info.plist;
				LD_RUNPATH_SEARCH_PATHS = (
					"$(inherited)",
					"@executable_path/Frameworks",
					"@loader_path/Frameworks",
				);
				PRODUCT_BUNDLE_IDENTIFIER = AM.RebellionTripsTests;
				PRODUCT_NAME = "$(TARGET_NAME)";
				SWIFT_VERSION = 5.0;
				TARGETED_DEVICE_FAMILY = "1,2";
				TEST_HOST = "$(BUILT_PRODUCTS_DIR)/RebellionTrips.app/RebellionTrips";
			};
			name = Release;
		};
/* End XCBuildConfiguration section */

/* Begin XCConfigurationList section */
		698F8FFC231BFD1800085CF1 /* Build configuration list for PBXProject "RebellionTrips" */ = {
			isa = XCConfigurationList;
			buildConfigurations = (
				698F901C231BFD1900085CF1 /* Debug */,
				698F901D231BFD1900085CF1 /* Release */,
			);
			defaultConfigurationIsVisible = 0;
			defaultConfigurationName = Release;
		};
		698F901E231BFD1900085CF1 /* Build configuration list for PBXNativeTarget "RebellionTrips" */ = {
			isa = XCConfigurationList;
			buildConfigurations = (
				698F901F231BFD1900085CF1 /* Debug */,
				698F9020231BFD1900085CF1 /* Release */,
			);
			defaultConfigurationIsVisible = 0;
			defaultConfigurationName = Release;
		};
		698F9021231BFD1900085CF1 /* Build configuration list for PBXNativeTarget "RebellionTripsTests" */ = {
			isa = XCConfigurationList;
			buildConfigurations = (
				698F9022231BFD1900085CF1 /* Debug */,
				698F9023231BFD1900085CF1 /* Release */,
			);
			defaultConfigurationIsVisible = 0;
			defaultConfigurationName = Release;
		};
/* End XCConfigurationList section */
	};
	rootObject = 698F8FF9231BFD1800085CF1 /* Project object */;
}
